// !$*UTF8*$!
{
	archiveVersion = 1;
	classes = {
	};
	objectVersion = 46;
	objects = {

/* Begin PBXBuildFile section */
		4142D22F097C3AE8DEEAC1E2 /* Pods_SoloDriverTests.framework in Frameworks */ = {isa = PBXBuildFile; fileRef = 47BA15B3473D9F6AA4AC4796 /* Pods_SoloDriverTests.framework */; };
		4F0A959F1D714E660036CA39 /* SettingsController.swift in Sources */ = {isa = PBXBuildFile; fileRef = 4F0A959E1D714E660036CA39 /* SettingsController.swift */; };
		4F0A95A11D71C3D80036CA39 /* EditTextController.swift in Sources */ = {isa = PBXBuildFile; fileRef = 4F0A95A01D71C3D80036CA39 /* EditTextController.swift */; };
		4F0A95A31D72913F0036CA39 /* SettingsManager.swift in Sources */ = {isa = PBXBuildFile; fileRef = 4F0A95A21D72913F0036CA39 /* SettingsManager.swift */; };
		4F21A7B51D5F178D00EA66B5 /* LocationService.swift in Sources */ = {isa = PBXBuildFile; fileRef = 4F21A7B41D5F178D00EA66B5 /* LocationService.swift */; };
		4F4BDC1A1D866BB600932795 /* LocationSearchTableController.swift in Sources */ = {isa = PBXBuildFile; fileRef = 4F4BDC191D866BB600932795 /* LocationSearchTableController.swift */; };
		4F4BDC1C1D894F1400932795 /* Bridge.swift in Sources */ = {isa = PBXBuildFile; fileRef = 4F4BDC1B1D894F1400932795 /* Bridge.swift */; };
		4F4BDC1E1D894FBE00932795 /* Direction.swift in Sources */ = {isa = PBXBuildFile; fileRef = 4F4BDC1D1D894FBE00932795 /* Direction.swift */; };
		4F4BDC201D895BC700932795 /* NavigationExtension.swift in Sources */ = {isa = PBXBuildFile; fileRef = 4F4BDC1F1D895BC700932795 /* NavigationExtension.swift */; };
		4F52083D1D5EF9E0006F980A /* AppDelegate.swift in Sources */ = {isa = PBXBuildFile; fileRef = 4F52083C1D5EF9E0006F980A /* AppDelegate.swift */; };
		4F52083F1D5EF9E0006F980A /* MapController.swift in Sources */ = {isa = PBXBuildFile; fileRef = 4F52083E1D5EF9E0006F980A /* MapController.swift */; };
		4F5208441D5EF9E0006F980A /* Main.storyboard in Resources */ = {isa = PBXBuildFile; fileRef = 4F5208421D5EF9E0006F980A /* Main.storyboard */; };
		4F5208491D5EF9E0006F980A /* LaunchScreen.storyboard in Resources */ = {isa = PBXBuildFile; fileRef = 4F5208471D5EF9E0006F980A /* LaunchScreen.storyboard */; };
		4F5208541D5EF9E0006F980A /* SoloDriverTests.swift in Sources */ = {isa = PBXBuildFile; fileRef = 4F5208531D5EF9E0006F980A /* SoloDriverTests.swift */; };
		4F656DB51D606987009FA6B2 /* PublicDataService.swift in Sources */ = {isa = PBXBuildFile; fileRef = 4F656DB41D606987009FA6B2 /* PublicDataService.swift */; };
		4F81D2AD1D83D5750007B5C4 /* RoutesController.swift in Sources */ = {isa = PBXBuildFile; fileRef = 4F81D2AC1D83D5750007B5C4 /* RoutesController.swift */; };
		4F81D2AF1D83F4840007B5C4 /* Config.swift in Sources */ = {isa = PBXBuildFile; fileRef = 4F81D2AE1D83F4840007B5C4 /* Config.swift */; };
		4F81D2B11D83F9910007B5C4 /* MapDelegateExtension.swift in Sources */ = {isa = PBXBuildFile; fileRef = 4F81D2B01D83F9910007B5C4 /* MapDelegateExtension.swift */; };
		4F81D2B31D83FA690007B5C4 /* FeatureExtension.swift in Sources */ = {isa = PBXBuildFile; fileRef = 4F81D2B21D83FA690007B5C4 /* FeatureExtension.swift */; };
		4F81D2B51D83FA810007B5C4 /* DirectionExtension.swift in Sources */ = {isa = PBXBuildFile; fileRef = 4F81D2B41D83FA810007B5C4 /* DirectionExtension.swift */; };
		4F81D2B71D8400990007B5C4 /* ArcGISService.swift in Sources */ = {isa = PBXBuildFile; fileRef = 4F81D2B61D8400990007B5C4 /* ArcGISService.swift */; };
		4F81D2BC1D8404DF0007B5C4 /* Geometry.swift in Sources */ = {isa = PBXBuildFile; fileRef = 4F81D2BB1D8404DF0007B5C4 /* Geometry.swift */; };
		4F876DF41D8394C80086C042 /* MasterController.swift in Sources */ = {isa = PBXBuildFile; fileRef = 4F876DF31D8394C80086C042 /* MasterController.swift */; };
		4F876DF71D839E7F0086C042 /* LocationManager.swift in Sources */ = {isa = PBXBuildFile; fileRef = 4F876DF61D839E7F0086C042 /* LocationManager.swift */; };
		4F876DFB1D83A05D0086C042 /* FilterController.swift in Sources */ = {isa = PBXBuildFile; fileRef = 4F876DFA1D83A05D0086C042 /* FilterController.swift */; };
		4FA643221D84285800C0DDA2 /* VicTrafficService.swift in Sources */ = {isa = PBXBuildFile; fileRef = 4FA643211D84285800C0DDA2 /* VicTrafficService.swift */; };
		4FB519371D8E054000CFBB6D /* TapGestureExtension.swift in Sources */ = {isa = PBXBuildFile; fileRef = 4FB519361D8E054000CFBB6D /* TapGestureExtension.swift */; };
		4FF7B63D1D62AE5F0098470F /* GeometriesD.swift in Sources */ = {isa = PBXBuildFile; fileRef = 4FF7B63C1D62AE5F0098470F /* GeometriesD.swift */; };
		4FF7B6411D63FAA60098470F /* CategoriesController.swift in Sources */ = {isa = PBXBuildFile; fileRef = 4FF7B6401D63FAA60098470F /* CategoriesController.swift */; };
		4FF7B6431D642A850098470F /* Assets.xcassets in Resources */ = {isa = PBXBuildFile; fileRef = 4FF7B6421D642A850098470F /* Assets.xcassets */; };
		DC2BE3CC0EE73AA6519CF15D /* Pods_SoloDriver.framework in Frameworks */ = {isa = PBXBuildFile; fileRef = 2205E36CEB74CA392FAB298F /* Pods_SoloDriver.framework */; };
/* End PBXBuildFile section */

/* Begin PBXContainerItemProxy section */
		4F5208501D5EF9E0006F980A /* PBXContainerItemProxy */ = {
			isa = PBXContainerItemProxy;
			containerPortal = 4F5208311D5EF9E0006F980A /* Project object */;
			proxyType = 1;
			remoteGlobalIDString = 4F5208381D5EF9E0006F980A;
			remoteInfo = SoloDriver;
		};
/* End PBXContainerItemProxy section */

/* Begin PBXFileReference section */
		034B429F8F97EE100E765B71 /* Pods-SoloDriverTests.debug.xcconfig */ = {isa = PBXFileReference; includeInIndex = 1; lastKnownFileType = text.xcconfig; name = "Pods-SoloDriverTests.debug.xcconfig"; path = "Pods/Target Support Files/Pods-SoloDriverTests/Pods-SoloDriverTests.debug.xcconfig"; sourceTree = "<group>"; };
		2205E36CEB74CA392FAB298F /* Pods_SoloDriver.framework */ = {isa = PBXFileReference; explicitFileType = wrapper.framework; includeInIndex = 0; path = Pods_SoloDriver.framework; sourceTree = BUILT_PRODUCTS_DIR; };
		3E7B30651BED94DAC91114BF /* Pods-SoloDriver.debug.xcconfig */ = {isa = PBXFileReference; includeInIndex = 1; lastKnownFileType = text.xcconfig; name = "Pods-SoloDriver.debug.xcconfig"; path = "Pods/Target Support Files/Pods-SoloDriver/Pods-SoloDriver.debug.xcconfig"; sourceTree = "<group>"; };
		47BA15B3473D9F6AA4AC4796 /* Pods_SoloDriverTests.framework */ = {isa = PBXFileReference; explicitFileType = wrapper.framework; includeInIndex = 0; path = Pods_SoloDriverTests.framework; sourceTree = BUILT_PRODUCTS_DIR; };
		4A4CBA006268E6CA9B33116A /* Pods-SoloDriverTests.release.xcconfig */ = {isa = PBXFileReference; includeInIndex = 1; lastKnownFileType = text.xcconfig; name = "Pods-SoloDriverTests.release.xcconfig"; path = "Pods/Target Support Files/Pods-SoloDriverTests/Pods-SoloDriverTests.release.xcconfig"; sourceTree = "<group>"; };
		4F0A959E1D714E660036CA39 /* SettingsController.swift */ = {isa = PBXFileReference; fileEncoding = 4; lastKnownFileType = sourcecode.swift; path = SettingsController.swift; sourceTree = "<group>"; };
		4F0A95A01D71C3D80036CA39 /* EditTextController.swift */ = {isa = PBXFileReference; fileEncoding = 4; lastKnownFileType = sourcecode.swift; path = EditTextController.swift; sourceTree = "<group>"; };
		4F0A95A21D72913F0036CA39 /* SettingsManager.swift */ = {isa = PBXFileReference; fileEncoding = 4; lastKnownFileType = sourcecode.swift; path = SettingsManager.swift; sourceTree = "<group>"; };
		4F21A7B41D5F178D00EA66B5 /* LocationService.swift */ = {isa = PBXFileReference; fileEncoding = 4; lastKnownFileType = sourcecode.swift; path = LocationService.swift; sourceTree = "<group>"; };
		4F4BDC191D866BB600932795 /* LocationSearchTableController.swift */ = {isa = PBXFileReference; fileEncoding = 4; lastKnownFileType = sourcecode.swift; path = LocationSearchTableController.swift; sourceTree = "<group>"; };
		4F4BDC1B1D894F1400932795 /* Bridge.swift */ = {isa = PBXFileReference; fileEncoding = 4; lastKnownFileType = sourcecode.swift; path = Bridge.swift; sourceTree = "<group>"; };
		4F4BDC1D1D894FBE00932795 /* Direction.swift */ = {isa = PBXFileReference; fileEncoding = 4; lastKnownFileType = sourcecode.swift; path = Direction.swift; sourceTree = "<group>"; };
		4F4BDC1F1D895BC700932795 /* NavigationExtension.swift */ = {isa = PBXFileReference; fileEncoding = 4; lastKnownFileType = sourcecode.swift; path = NavigationExtension.swift; sourceTree = "<group>"; };
		4F5208391D5EF9E0006F980A /* SoloDriver.app */ = {isa = PBXFileReference; explicitFileType = wrapper.application; includeInIndex = 0; path = SoloDriver.app; sourceTree = BUILT_PRODUCTS_DIR; };
		4F52083C1D5EF9E0006F980A /* AppDelegate.swift */ = {isa = PBXFileReference; lastKnownFileType = sourcecode.swift; path = AppDelegate.swift; sourceTree = "<group>"; };
		4F52083E1D5EF9E0006F980A /* MapController.swift */ = {isa = PBXFileReference; lastKnownFileType = sourcecode.swift; path = MapController.swift; sourceTree = "<group>"; };
		4F5208431D5EF9E0006F980A /* Base */ = {isa = PBXFileReference; lastKnownFileType = file.storyboard; name = Base; path = Base.lproj/Main.storyboard; sourceTree = "<group>"; };
		4F5208481D5EF9E0006F980A /* Base */ = {isa = PBXFileReference; lastKnownFileType = file.storyboard; name = Base; path = Base.lproj/LaunchScreen.storyboard; sourceTree = "<group>"; };
		4F52084A1D5EF9E0006F980A /* Info.plist */ = {isa = PBXFileReference; lastKnownFileType = text.plist.xml; path = Info.plist; sourceTree = "<group>"; };
		4F52084F1D5EF9E0006F980A /* SoloDriverTests.xctest */ = {isa = PBXFileReference; explicitFileType = wrapper.cfbundle; includeInIndex = 0; path = SoloDriverTests.xctest; sourceTree = BUILT_PRODUCTS_DIR; };
		4F5208531D5EF9E0006F980A /* SoloDriverTests.swift */ = {isa = PBXFileReference; lastKnownFileType = sourcecode.swift; path = SoloDriverTests.swift; sourceTree = "<group>"; };
		4F5208551D5EF9E0006F980A /* Info.plist */ = {isa = PBXFileReference; lastKnownFileType = text.plist.xml; path = Info.plist; sourceTree = "<group>"; };
		4F656DB41D606987009FA6B2 /* PublicDataService.swift */ = {isa = PBXFileReference; fileEncoding = 4; lastKnownFileType = sourcecode.swift; path = PublicDataService.swift; sourceTree = "<group>"; };
		4F81D2AC1D83D5750007B5C4 /* RoutesController.swift */ = {isa = PBXFileReference; fileEncoding = 4; lastKnownFileType = sourcecode.swift; path = RoutesController.swift; sourceTree = "<group>"; };
		4F81D2AE1D83F4840007B5C4 /* Config.swift */ = {isa = PBXFileReference; fileEncoding = 4; lastKnownFileType = sourcecode.swift; path = Config.swift; sourceTree = "<group>"; };
		4F81D2B01D83F9910007B5C4 /* MapDelegateExtension.swift */ = {isa = PBXFileReference; fileEncoding = 4; lastKnownFileType = sourcecode.swift; path = MapDelegateExtension.swift; sourceTree = "<group>"; };
		4F81D2B21D83FA690007B5C4 /* FeatureExtension.swift */ = {isa = PBXFileReference; fileEncoding = 4; lastKnownFileType = sourcecode.swift; path = FeatureExtension.swift; sourceTree = "<group>"; };
		4F81D2B41D83FA810007B5C4 /* DirectionExtension.swift */ = {isa = PBXFileReference; fileEncoding = 4; lastKnownFileType = sourcecode.swift; path = DirectionExtension.swift; sourceTree = "<group>"; };
		4F81D2B61D8400990007B5C4 /* ArcGISService.swift */ = {isa = PBXFileReference; fileEncoding = 4; lastKnownFileType = sourcecode.swift; path = ArcGISService.swift; sourceTree = "<group>"; };
		4F81D2BB1D8404DF0007B5C4 /* Geometry.swift */ = {isa = PBXFileReference; fileEncoding = 4; lastKnownFileType = sourcecode.swift; path = Geometry.swift; sourceTree = "<group>"; };
		4F876DF31D8394C80086C042 /* MasterController.swift */ = {isa = PBXFileReference; fileEncoding = 4; lastKnownFileType = sourcecode.swift; path = MasterController.swift; sourceTree = "<group>"; };
		4F876DF61D839E7F0086C042 /* LocationManager.swift */ = {isa = PBXFileReference; fileEncoding = 4; lastKnownFileType = sourcecode.swift; path = LocationManager.swift; sourceTree = "<group>"; };
		4F876DFA1D83A05D0086C042 /* FilterController.swift */ = {isa = PBXFileReference; fileEncoding = 4; lastKnownFileType = sourcecode.swift; path = FilterController.swift; sourceTree = "<group>"; };
		4FA643211D84285800C0DDA2 /* VicTrafficService.swift */ = {isa = PBXFileReference; fileEncoding = 4; lastKnownFileType = sourcecode.swift; path = VicTrafficService.swift; sourceTree = "<group>"; };
		4FB519361D8E054000CFBB6D /* TapGestureExtension.swift */ = {isa = PBXFileReference; fileEncoding = 4; lastKnownFileType = sourcecode.swift; path = TapGestureExtension.swift; sourceTree = "<group>"; };
		4FF7B63C1D62AE5F0098470F /* GeometriesD.swift */ = {isa = PBXFileReference; fileEncoding = 4; lastKnownFileType = sourcecode.swift; path = GeometriesD.swift; sourceTree = "<group>"; };
		4FF7B6401D63FAA60098470F /* CategoriesController.swift */ = {isa = PBXFileReference; fileEncoding = 4; lastKnownFileType = sourcecode.swift; path = CategoriesController.swift; sourceTree = "<group>"; };
		4FF7B6421D642A850098470F /* Assets.xcassets */ = {isa = PBXFileReference; lastKnownFileType = folder.assetcatalog; path = Assets.xcassets; sourceTree = "<group>"; };
		A6F816D8F06860C9C75CB4C1 /* Pods-SoloDriver.release.xcconfig */ = {isa = PBXFileReference; includeInIndex = 1; lastKnownFileType = text.xcconfig; name = "Pods-SoloDriver.release.xcconfig"; path = "Pods/Target Support Files/Pods-SoloDriver/Pods-SoloDriver.release.xcconfig"; sourceTree = "<group>"; };
/* End PBXFileReference section */

/* Begin PBXFrameworksBuildPhase section */
		4F5208361D5EF9E0006F980A /* Frameworks */ = {
			isa = PBXFrameworksBuildPhase;
			buildActionMask = 2147483647;
			files = (
				DC2BE3CC0EE73AA6519CF15D /* Pods_SoloDriver.framework in Frameworks */,
			);
			runOnlyForDeploymentPostprocessing = 0;
		};
		4F52084C1D5EF9E0006F980A /* Frameworks */ = {
			isa = PBXFrameworksBuildPhase;
			buildActionMask = 2147483647;
			files = (
				4142D22F097C3AE8DEEAC1E2 /* Pods_SoloDriverTests.framework in Frameworks */,
			);
			runOnlyForDeploymentPostprocessing = 0;
		};
/* End PBXFrameworksBuildPhase section */

/* Begin PBXGroup section */
		4F0A959A1D6FE4130036CA39 /* Settings */ = {
			isa = PBXGroup;
			children = (
				4F0A959E1D714E660036CA39 /* SettingsController.swift */,
				4F0A95A01D71C3D80036CA39 /* EditTextController.swift */,
			);
			name = Settings;
			sourceTree = "<group>";
		};
		4F0A95D71D7460360036CA39 /* Deprecated */ = {
			isa = PBXGroup;
			children = (
				4FF7B6461D65470B0098470F /* Common */,
				4F21A7B31D5F16AE00EA66B5 /* Service */,
				4F21A7B41D5F178D00EA66B5 /* LocationService.swift */,
				4F656DB41D606987009FA6B2 /* PublicDataService.swift */,
				4FF7B63C1D62AE5F0098470F /* GeometriesD.swift */,
				4F21A7B21D5F0DE400EA66B5 /* Map */,
				4F52083E1D5EF9E0006F980A /* MapController.swift */,
				4FF7B6401D63FAA60098470F /* CategoriesController.swift */,
			);
			name = Deprecated;
			sourceTree = "<group>";
		};
		4F21A7B21D5F0DE400EA66B5 /* Map */ = {
			isa = PBXGroup;
			children = (
			);
			name = Map;
			sourceTree = "<group>";
		};
		4F21A7B31D5F16AE00EA66B5 /* Service */ = {
			isa = PBXGroup;
			children = (
			);
			name = Service;
			sourceTree = "<group>";
		};
		4F5208301D5EF9E0006F980A = {
			isa = PBXGroup;
			children = (
				4F52083B1D5EF9E0006F980A /* SoloDriver */,
				4F5208521D5EF9E0006F980A /* SoloDriverTests */,
				4F52083A1D5EF9E0006F980A /* Products */,
				8E0EF80FEC7C67568E509376 /* Pods */,
				C6D5DF4254495653DEDAE034 /* Frameworks */,
			);
			sourceTree = "<group>";
		};
		4F52083A1D5EF9E0006F980A /* Products */ = {
			isa = PBXGroup;
			children = (
				4F5208391D5EF9E0006F980A /* SoloDriver.app */,
				4F52084F1D5EF9E0006F980A /* SoloDriverTests.xctest */,
			);
			name = Products;
			sourceTree = "<group>";
		};
		4F52083B1D5EF9E0006F980A /* SoloDriver */ = {
			isa = PBXGroup;
			children = (
				4F876DF51D839E570086C042 /* Common */,
				4F876DF81D839FE10086C042 /* Service */,
				4F81D2B81D8401FE0007B5C4 /* Geometries */,
				4F876DF21D8394170086C042 /* Map */,
				4F876DF91D83A03C0086C042 /* Filter */,
				4F0A959A1D6FE4130036CA39 /* Settings */,
				4FF7B6421D642A850098470F /* Assets.xcassets */,
				4F52083C1D5EF9E0006F980A /* AppDelegate.swift */,
				4F5208421D5EF9E0006F980A /* Main.storyboard */,
				4F5208471D5EF9E0006F980A /* LaunchScreen.storyboard */,
				4F52084A1D5EF9E0006F980A /* Info.plist */,
				4F0A95D71D7460360036CA39 /* Deprecated */,
			);
			path = SoloDriver;
			sourceTree = "<group>";
		};
		4F5208521D5EF9E0006F980A /* SoloDriverTests */ = {
			isa = PBXGroup;
			children = (
				4F5208531D5EF9E0006F980A /* SoloDriverTests.swift */,
				4F5208551D5EF9E0006F980A /* Info.plist */,
			);
			path = SoloDriverTests;
			sourceTree = "<group>";
		};
		4F81D2B81D8401FE0007B5C4 /* Geometries */ = {
			isa = PBXGroup;
			children = (
				4F81D2BB1D8404DF0007B5C4 /* Geometry.swift */,
				4F4BDC1B1D894F1400932795 /* Bridge.swift */,
				4F4BDC1D1D894FBE00932795 /* Direction.swift */,
			);
			name = Geometries;
			sourceTree = "<group>";
		};
		4F876DF21D8394170086C042 /* Map */ = {
			isa = PBXGroup;
			children = (
				4F4BDC191D866BB600932795 /* LocationSearchTableController.swift */,
				4F876DF31D8394C80086C042 /* MasterController.swift */,
				4F81D2B01D83F9910007B5C4 /* MapDelegateExtension.swift */,
				4FB519361D8E054000CFBB6D /* TapGestureExtension.swift */,
				4F81D2B21D83FA690007B5C4 /* FeatureExtension.swift */,
				4F81D2B41D83FA810007B5C4 /* DirectionExtension.swift */,
				4F4BDC1F1D895BC700932795 /* NavigationExtension.swift */,
			);
			name = Map;
			sourceTree = "<group>";
		};
		4F876DF51D839E570086C042 /* Common */ = {
			isa = PBXGroup;
			children = (
				4F876DF61D839E7F0086C042 /* LocationManager.swift */,
				4F0A95A21D72913F0036CA39 /* SettingsManager.swift */,
				4F81D2AE1D83F4840007B5C4 /* Config.swift */,
			);
			name = Common;
			sourceTree = "<group>";
		};
		4F876DF81D839FE10086C042 /* Service */ = {
			isa = PBXGroup;
			children = (
				4F81D2B61D8400990007B5C4 /* ArcGISService.swift */,
				4FA643211D84285800C0DDA2 /* VicTrafficService.swift */,
			);
			name = Service;
			sourceTree = "<group>";
		};
		4F876DF91D83A03C0086C042 /* Filter */ = {
			isa = PBXGroup;
			children = (
				4F876DFA1D83A05D0086C042 /* FilterController.swift */,
				4F81D2AC1D83D5750007B5C4 /* RoutesController.swift */,
			);
			name = Filter;
			sourceTree = "<group>";
		};
		4FF7B6461D65470B0098470F /* Common */ = {
			isa = PBXGroup;
			children = (
			);
			name = Common;
			sourceTree = "<group>";
		};
		8E0EF80FEC7C67568E509376 /* Pods */ = {
			isa = PBXGroup;
			children = (
				3E7B30651BED94DAC91114BF /* Pods-SoloDriver.debug.xcconfig */,
				A6F816D8F06860C9C75CB4C1 /* Pods-SoloDriver.release.xcconfig */,
				034B429F8F97EE100E765B71 /* Pods-SoloDriverTests.debug.xcconfig */,
				4A4CBA006268E6CA9B33116A /* Pods-SoloDriverTests.release.xcconfig */,
			);
			name = Pods;
			sourceTree = "<group>";
		};
		C6D5DF4254495653DEDAE034 /* Frameworks */ = {
			isa = PBXGroup;
			children = (
				2205E36CEB74CA392FAB298F /* Pods_SoloDriver.framework */,
				47BA15B3473D9F6AA4AC4796 /* Pods_SoloDriverTests.framework */,
			);
			name = Frameworks;
			sourceTree = "<group>";
		};
/* End PBXGroup section */

/* Begin PBXNativeTarget section */
		4F5208381D5EF9E0006F980A /* SoloDriver */ = {
			isa = PBXNativeTarget;
			buildConfigurationList = 4F5208581D5EF9E0006F980A /* Build configuration list for PBXNativeTarget "SoloDriver" */;
			buildPhases = (
				A16AE112D010D6D9592C95B6 /* [CP] Check Pods Manifest.lock */,
				4F5208351D5EF9E0006F980A /* Sources */,
				4F5208361D5EF9E0006F980A /* Frameworks */,
				4F5208371D5EF9E0006F980A /* Resources */,
				568F18D0EB8F498CE077CCC8 /* [CP] Embed Pods Frameworks */,
				7FE2947F1BEA34FB9A04518E /* [CP] Copy Pods Resources */,
			);
			buildRules = (
			);
			dependencies = (
			);
			name = SoloDriver;
			productName = SoloDriver;
			productReference = 4F5208391D5EF9E0006F980A /* SoloDriver.app */;
			productType = "com.apple.product-type.application";
		};
		4F52084E1D5EF9E0006F980A /* SoloDriverTests */ = {
			isa = PBXNativeTarget;
			buildConfigurationList = 4F52085B1D5EF9E0006F980A /* Build configuration list for PBXNativeTarget "SoloDriverTests" */;
			buildPhases = (
				54D73641A02ED206523CFAE7 /* [CP] Check Pods Manifest.lock */,
				4F52084B1D5EF9E0006F980A /* Sources */,
				4F52084C1D5EF9E0006F980A /* Frameworks */,
				4F52084D1D5EF9E0006F980A /* Resources */,
				E4F36BBB9C994CC2219042A2 /* [CP] Embed Pods Frameworks */,
				B71A1F9E44549FFF8E25F6FF /* [CP] Copy Pods Resources */,
			);
			buildRules = (
			);
			dependencies = (
				4F5208511D5EF9E0006F980A /* PBXTargetDependency */,
			);
			name = SoloDriverTests;
			productName = SoloDriverTests;
			productReference = 4F52084F1D5EF9E0006F980A /* SoloDriverTests.xctest */;
			productType = "com.apple.product-type.bundle.unit-test";
		};
/* End PBXNativeTarget section */

/* Begin PBXProject section */
		4F5208311D5EF9E0006F980A /* Project object */ = {
			isa = PBXProject;
			attributes = {
				LastSwiftUpdateCheck = 0730;
				LastUpgradeCheck = 0800;
				ORGANIZATIONNAME = HaoBoji;
				TargetAttributes = {
					4F5208381D5EF9E0006F980A = {
						CreatedOnToolsVersion = 7.3.1;
						DevelopmentTeam = APNXQ4DTJ2;
						LastSwiftMigration = 0800;
					};
					4F52084E1D5EF9E0006F980A = {
						CreatedOnToolsVersion = 7.3.1;
						LastSwiftMigration = 0800;
						TestTargetID = 4F5208381D5EF9E0006F980A;
					};
				};
			};
			buildConfigurationList = 4F5208341D5EF9E0006F980A /* Build configuration list for PBXProject "SoloDriver" */;
			compatibilityVersion = "Xcode 3.2";
			developmentRegion = English;
			hasScannedForEncodings = 0;
			knownRegions = (
				en,
				Base,
			);
			mainGroup = 4F5208301D5EF9E0006F980A;
			productRefGroup = 4F52083A1D5EF9E0006F980A /* Products */;
			projectDirPath = "";
			projectRoot = "";
			targets = (
				4F5208381D5EF9E0006F980A /* SoloDriver */,
				4F52084E1D5EF9E0006F980A /* SoloDriverTests */,
			);
		};
/* End PBXProject section */

/* Begin PBXResourcesBuildPhase section */
		4F5208371D5EF9E0006F980A /* Resources */ = {
			isa = PBXResourcesBuildPhase;
			buildActionMask = 2147483647;
			files = (
				4F5208491D5EF9E0006F980A /* LaunchScreen.storyboard in Resources */,
				4FF7B6431D642A850098470F /* Assets.xcassets in Resources */,
				4F5208441D5EF9E0006F980A /* Main.storyboard in Resources */,
			);
			runOnlyForDeploymentPostprocessing = 0;
		};
		4F52084D1D5EF9E0006F980A /* Resources */ = {
			isa = PBXResourcesBuildPhase;
			buildActionMask = 2147483647;
			files = (
			);
			runOnlyForDeploymentPostprocessing = 0;
		};
/* End PBXResourcesBuildPhase section */

/* Begin PBXShellScriptBuildPhase section */
		54D73641A02ED206523CFAE7 /* [CP] Check Pods Manifest.lock */ = {
			isa = PBXShellScriptBuildPhase;
			buildActionMask = 2147483647;
			files = (
			);
			inputPaths = (
			);
			name = "[CP] Check Pods Manifest.lock";
			outputPaths = (
			);
			runOnlyForDeploymentPostprocessing = 0;
			shellPath = /bin/sh;
			shellScript = "diff \"${PODS_ROOT}/../Podfile.lock\" \"${PODS_ROOT}/Manifest.lock\" > /dev/null\nif [ $? != 0 ] ; then\n    # print error to STDERR\n    echo \"error: The sandbox is not in sync with the Podfile.lock. Run 'pod install' or update your CocoaPods installation.\" >&2\n    exit 1\nfi\n";
			showEnvVarsInLog = 0;
		};
		568F18D0EB8F498CE077CCC8 /* [CP] Embed Pods Frameworks */ = {
			isa = PBXShellScriptBuildPhase;
			buildActionMask = 2147483647;
			files = (
			);
			inputPaths = (
			);
			name = "[CP] Embed Pods Frameworks";
			outputPaths = (
			);
			runOnlyForDeploymentPostprocessing = 0;
			shellPath = /bin/sh;
			shellScript = "\"${SRCROOT}/Pods/Target Support Files/Pods-SoloDriver/Pods-SoloDriver-frameworks.sh\"\n";
			showEnvVarsInLog = 0;
		};
		7FE2947F1BEA34FB9A04518E /* [CP] Copy Pods Resources */ = {
			isa = PBXShellScriptBuildPhase;
			buildActionMask = 2147483647;
			files = (
			);
			inputPaths = (
			);
			name = "[CP] Copy Pods Resources";
			outputPaths = (
			);
			runOnlyForDeploymentPostprocessing = 0;
			shellPath = /bin/sh;
			shellScript = "\"${SRCROOT}/Pods/Target Support Files/Pods-SoloDriver/Pods-SoloDriver-resources.sh\"\n";
			showEnvVarsInLog = 0;
		};
		A16AE112D010D6D9592C95B6 /* [CP] Check Pods Manifest.lock */ = {
			isa = PBXShellScriptBuildPhase;
			buildActionMask = 2147483647;
			files = (
			);
			inputPaths = (
			);
			name = "[CP] Check Pods Manifest.lock";
			outputPaths = (
			);
			runOnlyForDeploymentPostprocessing = 0;
			shellPath = /bin/sh;
			shellScript = "diff \"${PODS_ROOT}/../Podfile.lock\" \"${PODS_ROOT}/Manifest.lock\" > /dev/null\nif [ $? != 0 ] ; then\n    # print error to STDERR\n    echo \"error: The sandbox is not in sync with the Podfile.lock. Run 'pod install' or update your CocoaPods installation.\" >&2\n    exit 1\nfi\n";
			showEnvVarsInLog = 0;
		};
		B71A1F9E44549FFF8E25F6FF /* [CP] Copy Pods Resources */ = {
			isa = PBXShellScriptBuildPhase;
			buildActionMask = 2147483647;
			files = (
			);
			inputPaths = (
			);
			name = "[CP] Copy Pods Resources";
			outputPaths = (
			);
			runOnlyForDeploymentPostprocessing = 0;
			shellPath = /bin/sh;
			shellScript = "\"${SRCROOT}/Pods/Target Support Files/Pods-SoloDriverTests/Pods-SoloDriverTests-resources.sh\"\n";
			showEnvVarsInLog = 0;
		};
		E4F36BBB9C994CC2219042A2 /* [CP] Embed Pods Frameworks */ = {
			isa = PBXShellScriptBuildPhase;
			buildActionMask = 2147483647;
			files = (
			);
			inputPaths = (
			);
			name = "[CP] Embed Pods Frameworks";
			outputPaths = (
			);
			runOnlyForDeploymentPostprocessing = 0;
			shellPath = /bin/sh;
			shellScript = "\"${SRCROOT}/Pods/Target Support Files/Pods-SoloDriverTests/Pods-SoloDriverTests-frameworks.sh\"\n";
			showEnvVarsInLog = 0;
		};
/* End PBXShellScriptBuildPhase section */

/* Begin PBXSourcesBuildPhase section */
		4F5208351D5EF9E0006F980A /* Sources */ = {
			isa = PBXSourcesBuildPhase;
			buildActionMask = 2147483647;
			files = (
				4F4BDC1C1D894F1400932795 /* Bridge.swift in Sources */,
				4F0A959F1D714E660036CA39 /* SettingsController.swift in Sources */,
				4F4BDC1A1D866BB600932795 /* LocationSearchTableController.swift in Sources */,
				4F876DF41D8394C80086C042 /* MasterController.swift in Sources */,
				4F81D2AF1D83F4840007B5C4 /* Config.swift in Sources */,
				4F4BDC201D895BC700932795 /* NavigationExtension.swift in Sources */,
				4F876DFB1D83A05D0086C042 /* FilterController.swift in Sources */,
				4F656DB51D606987009FA6B2 /* PublicDataService.swift in Sources */,
				4F52083D1D5EF9E0006F980A /* AppDelegate.swift in Sources */,
				4F81D2AD1D83D5750007B5C4 /* RoutesController.swift in Sources */,
				4F0A95A11D71C3D80036CA39 /* EditTextController.swift in Sources */,
				4F81D2B71D8400990007B5C4 /* ArcGISService.swift in Sources */,
				4FB519371D8E054000CFBB6D /* TapGestureExtension.swift in Sources */,
				4F81D2B11D83F9910007B5C4 /* MapDelegateExtension.swift in Sources */,
				4F81D2B31D83FA690007B5C4 /* FeatureExtension.swift in Sources */,
				4F21A7B51D5F178D00EA66B5 /* LocationService.swift in Sources */,
				4F52083F1D5EF9E0006F980A /* MapController.swift in Sources */,
				4F4BDC1E1D894FBE00932795 /* Direction.swift in Sources */,
				4F0A95A31D72913F0036CA39 /* SettingsManager.swift in Sources */,
				4F876DF71D839E7F0086C042 /* LocationManager.swift in Sources */,
				4FA643221D84285800C0DDA2 /* VicTrafficService.swift in Sources */,
				4FF7B63D1D62AE5F0098470F /* GeometriesD.swift in Sources */,
				4FF7B6411D63FAA60098470F /* CategoriesController.swift in Sources */,
				4F81D2BC1D8404DF0007B5C4 /* Geometry.swift in Sources */,
				4F81D2B51D83FA810007B5C4 /* DirectionExtension.swift in Sources */,
			);
			runOnlyForDeploymentPostprocessing = 0;
		};
		4F52084B1D5EF9E0006F980A /* Sources */ = {
			isa = PBXSourcesBuildPhase;
			buildActionMask = 2147483647;
			files = (
				4F5208541D5EF9E0006F980A /* SoloDriverTests.swift in Sources */,
			);
			runOnlyForDeploymentPostprocessing = 0;
		};
/* End PBXSourcesBuildPhase section */

/* Begin PBXTargetDependency section */
		4F5208511D5EF9E0006F980A /* PBXTargetDependency */ = {
			isa = PBXTargetDependency;
			target = 4F5208381D5EF9E0006F980A /* SoloDriver */;
			targetProxy = 4F5208501D5EF9E0006F980A /* PBXContainerItemProxy */;
		};
/* End PBXTargetDependency section */

/* Begin PBXVariantGroup section */
		4F5208421D5EF9E0006F980A /* Main.storyboard */ = {
			isa = PBXVariantGroup;
			children = (
				4F5208431D5EF9E0006F980A /* Base */,
			);
			name = Main.storyboard;
			sourceTree = "<group>";
		};
		4F5208471D5EF9E0006F980A /* LaunchScreen.storyboard */ = {
			isa = PBXVariantGroup;
			children = (
				4F5208481D5EF9E0006F980A /* Base */,
			);
			name = LaunchScreen.storyboard;
			sourceTree = "<group>";
		};
/* End PBXVariantGroup section */

/* Begin XCBuildConfiguration section */
		4F5208561D5EF9E0006F980A /* Debug */ = {
			isa = XCBuildConfiguration;
			buildSettings = {
				ALWAYS_SEARCH_USER_PATHS = NO;
				CLANG_ANALYZER_NONNULL = YES;
				CLANG_CXX_LANGUAGE_STANDARD = "gnu++0x";
				CLANG_CXX_LIBRARY = "libc++";
				CLANG_ENABLE_MODULES = YES;
				CLANG_ENABLE_OBJC_ARC = YES;
				CLANG_WARN_BOOL_CONVERSION = YES;
				CLANG_WARN_CONSTANT_CONVERSION = YES;
				CLANG_WARN_DIRECT_OBJC_ISA_USAGE = YES_ERROR;
				CLANG_WARN_EMPTY_BODY = YES;
				CLANG_WARN_ENUM_CONVERSION = YES;
				CLANG_WARN_INFINITE_RECURSION = YES;
				CLANG_WARN_INT_CONVERSION = YES;
				CLANG_WARN_OBJC_ROOT_CLASS = YES_ERROR;
				CLANG_WARN_SUSPICIOUS_MOVE = YES;
				CLANG_WARN_UNREACHABLE_CODE = YES;
				CLANG_WARN__DUPLICATE_METHOD_MATCH = YES;
				CODE_SIGN_IDENTITY = "iPhone Distribution: Boji Hao (APNXQ4DTJ2)";
				"CODE_SIGN_IDENTITY[sdk=iphoneos*]" = "";
				COPY_PHASE_STRIP = NO;
				DEBUG_INFORMATION_FORMAT = dwarf;
				ENABLE_STRICT_OBJC_MSGSEND = YES;
				ENABLE_TESTABILITY = YES;
				GCC_C_LANGUAGE_STANDARD = gnu99;
				GCC_DYNAMIC_NO_PIC = NO;
				GCC_NO_COMMON_BLOCKS = YES;
				GCC_OPTIMIZATION_LEVEL = 0;
				GCC_PREPROCESSOR_DEFINITIONS = (
					"DEBUG=1",
					"$(inherited)",
				);
				GCC_WARN_64_TO_32_BIT_CONVERSION = YES;
				GCC_WARN_ABOUT_RETURN_TYPE = YES_ERROR;
				GCC_WARN_UNDECLARED_SELECTOR = YES;
				GCC_WARN_UNINITIALIZED_AUTOS = YES_AGGRESSIVE;
				GCC_WARN_UNUSED_FUNCTION = YES;
				GCC_WARN_UNUSED_VARIABLE = YES;
				IPHONEOS_DEPLOYMENT_TARGET = 10.0;
				MTL_ENABLE_DEBUG_INFO = YES;
				ONLY_ACTIVE_ARCH = YES;
				PROVISIONING_PROFILE = "";
				SDKROOT = iphoneos;
				SWIFT_OPTIMIZATION_LEVEL = "-Onone";
			};
			name = Debug;
		};
		4F5208571D5EF9E0006F980A /* Release */ = {
			isa = XCBuildConfiguration;
			buildSettings = {
				ALWAYS_SEARCH_USER_PATHS = NO;
				CLANG_ANALYZER_NONNULL = YES;
				CLANG_CXX_LANGUAGE_STANDARD = "gnu++0x";
				CLANG_CXX_LIBRARY = "libc++";
				CLANG_ENABLE_MODULES = YES;
				CLANG_ENABLE_OBJC_ARC = YES;
				CLANG_WARN_BOOL_CONVERSION = YES;
				CLANG_WARN_CONSTANT_CONVERSION = YES;
				CLANG_WARN_DIRECT_OBJC_ISA_USAGE = YES_ERROR;
				CLANG_WARN_EMPTY_BODY = YES;
				CLANG_WARN_ENUM_CONVERSION = YES;
				CLANG_WARN_INFINITE_RECURSION = YES;
				CLANG_WARN_INT_CONVERSION = YES;
				CLANG_WARN_OBJC_ROOT_CLASS = YES_ERROR;
				CLANG_WARN_SUSPICIOUS_MOVE = YES;
				CLANG_WARN_UNREACHABLE_CODE = YES;
				CLANG_WARN__DUPLICATE_METHOD_MATCH = YES;
				CODE_SIGN_IDENTITY = "iPhone Distribution: Boji Hao (APNXQ4DTJ2)";
				"CODE_SIGN_IDENTITY[sdk=iphoneos*]" = "";
				COPY_PHASE_STRIP = NO;
				DEBUG_INFORMATION_FORMAT = "dwarf-with-dsym";
				ENABLE_NS_ASSERTIONS = NO;
				ENABLE_STRICT_OBJC_MSGSEND = YES;
				GCC_C_LANGUAGE_STANDARD = gnu99;
				GCC_NO_COMMON_BLOCKS = YES;
				GCC_WARN_64_TO_32_BIT_CONVERSION = YES;
				GCC_WARN_ABOUT_RETURN_TYPE = YES_ERROR;
				GCC_WARN_UNDECLARED_SELECTOR = YES;
				GCC_WARN_UNINITIALIZED_AUTOS = YES_AGGRESSIVE;
				GCC_WARN_UNUSED_FUNCTION = YES;
				GCC_WARN_UNUSED_VARIABLE = YES;
				IPHONEOS_DEPLOYMENT_TARGET = 10.0;
				MTL_ENABLE_DEBUG_INFO = NO;
				PROVISIONING_PROFILE = "";
				SDKROOT = iphoneos;
				SWIFT_OPTIMIZATION_LEVEL = "-Owholemodule";
				VALIDATE_PRODUCT = YES;
			};
			name = Release;
		};
		4F5208591D5EF9E0006F980A /* Debug */ = {
			isa = XCBuildConfiguration;
			baseConfigurationReference = 3E7B30651BED94DAC91114BF /* Pods-SoloDriver.debug.xcconfig */;
			buildSettings = {
				ALWAYS_EMBED_SWIFT_STANDARD_LIBRARIES = YES;
				ASSETCATALOG_COMPILER_APPICON_NAME = AppIcon;
				CODE_SIGN_IDENTITY = "iPhone Developer";
				INFOPLIST_FILE = SoloDriver/Info.plist;
				IPHONEOS_DEPLOYMENT_TARGET = 10.0;
				LD_RUNPATH_SEARCH_PATHS = "$(inherited) @executable_path/Frameworks";
				PRODUCT_BUNDLE_IDENTIFIER = com.haoboji.SoloDriver;
				PRODUCT_NAME = "$(TARGET_NAME)";
				PROVISIONING_PROFILE = "";
				SWIFT_VERSION = 3.0;
				TARGETED_DEVICE_FAMILY = "1,2";
			};
			name = Debug;
		};
		4F52085A1D5EF9E0006F980A /* Release */ = {
			isa = XCBuildConfiguration;
			baseConfigurationReference = A6F816D8F06860C9C75CB4C1 /* Pods-SoloDriver.release.xcconfig */;
			buildSettings = {
				ALWAYS_EMBED_SWIFT_STANDARD_LIBRARIES = YES;
				ASSETCATALOG_COMPILER_APPICON_NAME = AppIcon;
				CODE_SIGN_IDENTITY = "iPhone Developer";
				INFOPLIST_FILE = SoloDriver/Info.plist;
				IPHONEOS_DEPLOYMENT_TARGET = 10.0;
				LD_RUNPATH_SEARCH_PATHS = "$(inherited) @executable_path/Frameworks";
				PRODUCT_BUNDLE_IDENTIFIER = com.haoboji.SoloDriver;
				PRODUCT_NAME = "$(TARGET_NAME)";
				PROVISIONING_PROFILE = "";
				SWIFT_VERSION = 3.0;
				TARGETED_DEVICE_FAMILY = "1,2";
			};
			name = Release;
		};
		4F52085C1D5EF9E0006F980A /* Debug */ = {
			isa = XCBuildConfiguration;
			baseConfigurationReference = 034B429F8F97EE100E765B71 /* Pods-SoloDriverTests.debug.xcconfig */;
			buildSettings = {
				BUNDLE_LOADER = "$(TEST_HOST)";
				INFOPLIST_FILE = SoloDriverTests/Info.plist;
				LD_RUNPATH_SEARCH_PATHS = "$(inherited) @executable_path/Frameworks @loader_path/Frameworks";
				PRODUCT_BUNDLE_IDENTIFIER = com.haoboji.SoloDriverTests;
				PRODUCT_NAME = "$(TARGET_NAME)";
				SWIFT_VERSION = 3.0;
				TEST_HOST = "$(BUILT_PRODUCTS_DIR)/SoloDriver.app/SoloDriver";
			};
			name = Debug;
		};
		4F52085D1D5EF9E0006F980A /* Release */ = {
			isa = XCBuildConfiguration;
			baseConfigurationReference = 4A4CBA006268E6CA9B33116A /* Pods-SoloDriverTests.release.xcconfig */;
			buildSettings = {
				BUNDLE_LOADER = "$(TEST_HOST)";
				INFOPLIST_FILE = SoloDriverTests/Info.plist;
				LD_RUNPATH_SEARCH_PATHS = "$(inherited) @executable_path/Frameworks @loader_path/Frameworks";
				PRODUCT_BUNDLE_IDENTIFIER = com.haoboji.SoloDriverTests;
				PRODUCT_NAME = "$(TARGET_NAME)";
				SWIFT_VERSION = 3.0;
				TEST_HOST = "$(BUILT_PRODUCTS_DIR)/SoloDriver.app/SoloDriver";
			};
			name = Release;
		};
/* End XCBuildConfiguration section */

/* Begin XCConfigurationList section */
		4F5208341D5EF9E0006F980A /* Build configuration list for PBXProject "SoloDriver" */ = {
			isa = XCConfigurationList;
			buildConfigurations = (
				4F5208561D5EF9E0006F980A /* Debug */,
				4F5208571D5EF9E0006F980A /* Release */,
			);
			defaultConfigurationIsVisible = 0;
			defaultConfigurationName = Release;
		};
		4F5208581D5EF9E0006F980A /* Build configuration list for PBXNativeTarget "SoloDriver" */ = {
			isa = XCConfigurationList;
			buildConfigurations = (
				4F5208591D5EF9E0006F980A /* Debug */,
				4F52085A1D5EF9E0006F980A /* Release */,
			);
			defaultConfigurationIsVisible = 0;
			defaultConfigurationName = Release;
		};
		4F52085B1D5EF9E0006F980A /* Build configuration list for PBXNativeTarget "SoloDriverTests" */ = {
			isa = XCConfigurationList;
			buildConfigurations = (
				4F52085C1D5EF9E0006F980A /* Debug */,
				4F52085D1D5EF9E0006F980A /* Release */,
			);
			defaultConfigurationIsVisible = 0;
			defaultConfigurationName = Release;
		};
/* End XCConfigurationList section */
	};
	rootObject = 4F5208311D5EF9E0006F980A /* Project object */;
}
